
Microsoft Visual Studio Solution File, Format Version 12.00
# Visual Studio Version 16
VisualStudioVersion = 16.0.29230.47
MinimumVisualStudioVersion = 10.0.40219.1
Project("{9A19103F-16F7-4668-BE54-9A1E7A4F7556}") = "DADataManager", "DADataManager\DADataManager.csproj", "{4041071D-62DD-4A1A-BC06-12AD52975F1D}"
EndProject
Project("{FAE04EC0-301F-11D3-BF4B-00C04F79EFBC}") = "DAWebUI", "DAWebUI\DAWebUI.csproj", "{804D6E45-B7E4-4543-9F8E-DF4C1C3ED37E}"
EndProject
Global
	GlobalSection(SolutionConfigurationPlatforms) = preSolution
		Debug|Any CPU = Debug|Any CPU
		Release|Any CPU = Release|Any CPU
	EndGlobalSection
	GlobalSection(ProjectConfigurationPlatforms) = postSolution
		{4041071D-62DD-4A1A-BC06-12AD52975F1D}.Debug|Any CPU.ActiveCfg = Debug|Any CPU
		{4041071D-62DD-4A1A-BC06-12AD52975F1D}.Debug|Any CPU.Build.0 = Debug|Any CPU
		{4041071D-62DD-4A1A-BC06-12AD52975F1D}.Release|Any CPU.ActiveCfg = Release|Any CPU
		{4041071D-62DD-4A1A-BC06-12AD52975F1D}.Release|Any CPU.Build.0 = Release|Any CPU
		{804D6E45-B7E4-4543-9F8E-DF4C1C3ED37E}.Debug|Any CPU.ActiveCfg = Debug|Any CPU
		{804D6E45-B7E4-4543-9F8E-DF4C1C3ED37E}.Debug|Any CPU.Build.0 = Debug|Any CPU
		{804D6E45-B7E4-4543-9F8E-DF4C1C3ED37E}.Release|Any CPU.ActiveCfg = Release|Any CPU
		{804D6E45-B7E4-4543-9F8E-DF4C1C3ED37E}.Release|Any CPU.Build.0 = Release|Any CPU
	EndGlobalSection
	GlobalSection(SolutionProperties) = preSolution
		HideSolutionNode = FALSE
	EndGlobalSection
	GlobalSection(ExtensibilityGlobals) = postSolution
		SolutionGuid = {FB5E6329-5CE0-4441-B576-41B02983D630}
	EndGlobalSection
EndGlobal
